
Microsoft Visual Studio Solution File, Format Version 12.00
# Visual Studio Version 17
VisualStudioVersion = 17.8.34408.163
MinimumVisualStudioVersion = 10.0.40219.1
Project("{FAE04EC0-301F-11D3-BF4B-00C04F79EFBC}") = "ReaderWriter", "ReaderWriter\ReaderWriter.csproj", "{CC60FB5B-758B-4E48-AE27-12AED5CEBB34}"
EndProject
Global
	GlobalSection(SolutionConfigurationPlatforms) = preSolution
		Debug|Any CPU = Debug|Any CPU
		Release|Any CPU = Release|Any CPU
	EndGlobalSection
	GlobalSection(ProjectConfigurationPlatforms) = postSolution
		{CC60FB5B-758B-4E48-AE27-12AED5CEBB34}.Debug|Any CPU.ActiveCfg = Debug|Any CPU
		{CC60FB5B-758B-4E48-AE27-12AED5CEBB34}.Debug|Any CPU.Build.0 = Debug|Any CPU
		{CC60FB5B-758B-4E48-AE27-12AED5CEBB34}.Release|Any CPU.ActiveCfg = Release|Any CPU
		{CC60FB5B-758B-4E48-AE27-12AED5CEBB34}.Release|Any CPU.Build.0 = Release|Any CPU
	EndGlobalSection
	GlobalSection(SolutionProperties) = preSolution
		HideSolutionNode = FALSE
	EndGlobalSection
	GlobalSection(ExtensibilityGlobals) = postSolution
		SolutionGuid = {88847E62-535A-4344-862F-49638E4AE7AD}
	EndGlobalSection
EndGlobal
